// !$*UTF8*$!
{
	archiveVersion = 1;
	classes = {
	};
	objectVersion = 46;
	objects = {

/* Begin PBXBuildFile section */
		C5B81B771CC282A900264E2A /* main.m in Sources */ = {isa = PBXBuildFile; fileRef = C5B81B761CC282A900264E2A /* main.m */; };
		C5B81B7A1CC282A900264E2A /* AppDelegate.m in Sources */ = {isa = PBXBuildFile; fileRef = C5B81B791CC282A900264E2A /* AppDelegate.m */; };
		C5B81B7D1CC282A900264E2A /* ViewController.m in Sources */ = {isa = PBXBuildFile; fileRef = C5B81B7C1CC282A900264E2A /* ViewController.m */; };
		C5B81B801CC282A900264E2A /* Main.storyboard in Resources */ = {isa = PBXBuildFile; fileRef = C5B81B7E1CC282A900264E2A /* Main.storyboard */; };
		C5B81B821CC282A900264E2A /* Assets.xcassets in Resources */ = {isa = PBXBuildFile; fileRef = C5B81B811CC282A900264E2A /* Assets.xcassets */; };
		C5B81B851CC282A900264E2A /* LaunchScreen.storyboard in Resources */ = {isa = PBXBuildFile; fileRef = C5B81B831CC282A900264E2A /* LaunchScreen.storyboard */; };
		C5B81B901CC282A900264E2A /* WZTabBarControllerDemoTests.m in Sources */ = {isa = PBXBuildFile; fileRef = C5B81B8F1CC282A900264E2A /* WZTabBarControllerDemoTests.m */; };
		C5B81B9B1CC282A900264E2A /* WZTabBarControllerDemoUITests.m in Sources */ = {isa = PBXBuildFile; fileRef = C5B81B9A1CC282A900264E2A /* WZTabBarControllerDemoUITests.m */; };
		C5B81BB41CC2853000264E2A /* WZTabBar.m in Sources */ = {isa = PBXBuildFile; fileRef = C5B81BB11CC2853000264E2A /* WZTabBar.m */; };
		C5B81BB51CC2853000264E2A /* WZTabBarController.m in Sources */ = {isa = PBXBuildFile; fileRef = C5B81BB31CC2853000264E2A /* WZTabBarController.m */; };
/* End PBXBuildFile section */

/* Begin PBXContainerItemProxy section */
		C5B81B8C1CC282A900264E2A /* PBXContainerItemProxy */ = {
			isa = PBXContainerItemProxy;
			containerPortal = C5B81B6A1CC282A900264E2A /* Project object */;
			proxyType = 1;
			remoteGlobalIDString = C5B81B711CC282A900264E2A;
			remoteInfo = WZTabBarControllerDemo;
		};
		C5B81B971CC282A900264E2A /* PBXContainerItemProxy */ = {
			isa = PBXContainerItemProxy;
			containerPortal = C5B81B6A1CC282A900264E2A /* Project object */;
			proxyType = 1;
			remoteGlobalIDString = C5B81B711CC282A900264E2A;
			remoteInfo = WZTabBarControllerDemo;
		};
/* End PBXContainerItemProxy section */

/* Begin PBXFileReference section */
		C5B81B721CC282A900264E2A /* WZTabBarControllerDemo.app */ = {isa = PBXFileReference; explicitFileType = wrapper.application; includeInIndex = 0; path = WZTabBarControllerDemo.app; sourceTree = BUILT_PRODUCTS_DIR; };
		C5B81B761CC282A900264E2A /* main.m */ = {isa = PBXFileReference; lastKnownFileType = sourcecode.c.objc; path = main.m; sourceTree = "<group>"; };
		C5B81B781CC282A900264E2A /* AppDelegate.h */ = {isa = PBXFileReference; lastKnownFileType = sourcecode.c.h; path = AppDelegate.h; sourceTree = "<group>"; };
		C5B81B791CC282A900264E2A /* AppDelegate.m */ = {isa = PBXFileReference; lastKnownFileType = sourcecode.c.objc; path = AppDelegate.m; sourceTree = "<group>"; };
		C5B81B7B1CC282A900264E2A /* ViewController.h */ = {isa = PBXFileReference; lastKnownFileType = sourcecode.c.h; path = ViewController.h; sourceTree = "<group>"; };
		C5B81B7C1CC282A900264E2A /* ViewController.m */ = {isa = PBXFileReference; lastKnownFileType = sourcecode.c.objc; path = ViewController.m; sourceTree = "<group>"; };
		C5B81B7F1CC282A900264E2A /* Base */ = {isa = PBXFileReference; lastKnownFileType = file.storyboard; name = Base; path = Base.lproj/Main.storyboard; sourceTree = "<group>"; };
		C5B81B811CC282A900264E2A /* Assets.xcassets */ = {isa = PBXFileReference; lastKnownFileType = folder.assetcatalog; path = Assets.xcassets; sourceTree = "<group>"; };
		C5B81B841CC282A900264E2A /* Base */ = {isa = PBXFileReference; lastKnownFileType = file.storyboard; name = Base; path = Base.lproj/LaunchScreen.storyboard; sourceTree = "<group>"; };
		C5B81B861CC282A900264E2A /* Info.plist */ = {isa = PBXFileReference; lastKnownFileType = text.plist.xml; path = Info.plist; sourceTree = "<group>"; };
		C5B81B8B1CC282A900264E2A /* WZTabBarControllerDemoTests.xctest */ = {isa = PBXFileReference; explicitFileType = wrapper.cfbundle; includeInIndex = 0; path = WZTabBarControllerDemoTests.xctest; sourceTree = BUILT_PRODUCTS_DIR; };
		C5B81B8F1CC282A900264E2A /* WZTabBarControllerDemoTests.m */ = {isa = PBXFileReference; lastKnownFileType = sourcecode.c.objc; path = WZTabBarControllerDemoTests.m; sourceTree = "<group>"; };
		C5B81B911CC282A900264E2A /* Info.plist */ = {isa = PBXFileReference; lastKnownFileType = text.plist.xml; path = Info.plist; sourceTree = "<group>"; };
		C5B81B961CC282A900264E2A /* WZTabBarControllerDemoUITests.xctest */ = {isa = PBXFileReference; explicitFileType = wrapper.cfbundle; includeInIndex = 0; path = WZTabBarControllerDemoUITests.xctest; sourceTree = BUILT_PRODUCTS_DIR; };
		C5B81B9A1CC282A900264E2A /* WZTabBarControllerDemoUITests.m */ = {isa = PBXFileReference; lastKnownFileType = sourcecode.c.objc; path = WZTabBarControllerDemoUITests.m; sourceTree = "<group>"; };
		C5B81B9C1CC282A900264E2A /* Info.plist */ = {isa = PBXFileReference; lastKnownFileType = text.plist.xml; path = Info.plist; sourceTree = "<group>"; };
		C5B81BB01CC2853000264E2A /* WZTabBar.h */ = {isa = PBXFileReference; fileEncoding = 4; lastKnownFileType = sourcecode.c.h; path = WZTabBar.h; sourceTree = "<group>"; };
		C5B81BB11CC2853000264E2A /* WZTabBar.m */ = {isa = PBXFileReference; fileEncoding = 4; lastKnownFileType = sourcecode.c.objc; path = WZTabBar.m; sourceTree = "<group>"; };
		C5B81BB21CC2853000264E2A /* WZTabBarController.h */ = {isa = PBXFileReference; fileEncoding = 4; lastKnownFileType = sourcecode.c.h; path = WZTabBarController.h; sourceTree = "<group>"; };
		C5B81BB31CC2853000264E2A /* WZTabBarController.m */ = {isa = PBXFileReference; fileEncoding = 4; lastKnownFileType = sourcecode.c.objc; path = WZTabBarController.m; sourceTree = "<group>"; };
/* End PBXFileReference section */

/* Begin PBXFrameworksBuildPhase section */
		C5B81B6F1CC282A900264E2A /* Frameworks */ = {
			isa = PBXFrameworksBuildPhase;
			buildActionMask = 2147483647;
			files = (
			);
			runOnlyForDeploymentPostprocessing = 0;
		};
		C5B81B881CC282A900264E2A /* Frameworks */ = {
			isa = PBXFrameworksBuildPhase;
			buildActionMask = 2147483647;
			files = (
			);
			runOnlyForDeploymentPostprocessing = 0;
		};
		C5B81B931CC282A900264E2A /* Frameworks */ = {
			isa = PBXFrameworksBuildPhase;
			buildActionMask = 2147483647;
			files = (
			);
			runOnlyForDeploymentPostprocessing = 0;
		};
/* End PBXFrameworksBuildPhase section */

/* Begin PBXGroup section */
		C5B81B691CC282A900264E2A = {
			isa = PBXGroup;
			children = (
				C5B81B741CC282A900264E2A /* WZTabBarControllerDemo */,
				C5B81B8E1CC282A900264E2A /* WZTabBarControllerDemoTests */,
				C5B81B991CC282A900264E2A /* WZTabBarControllerDemoUITests */,
				C5B81B731CC282A900264E2A /* Products */,
			);
			sourceTree = "<group>";
		};
		C5B81B731CC282A900264E2A /* Products */ = {
			isa = PBXGroup;
			children = (
				C5B81B721CC282A900264E2A /* WZTabBarControllerDemo.app */,
				C5B81B8B1CC282A900264E2A /* WZTabBarControllerDemoTests.xctest */,
				C5B81B961CC282A900264E2A /* WZTabBarControllerDemoUITests.xctest */,
			);
			name = Products;
			sourceTree = "<group>";
		};
		C5B81B741CC282A900264E2A /* WZTabBarControllerDemo */ = {
			isa = PBXGroup;
			children = (
				C5B81BAF1CC2853000264E2A /* WZTabBarController */,
				C5B81B781CC282A900264E2A /* AppDelegate.h */,
				C5B81B791CC282A900264E2A /* AppDelegate.m */,
				C5B81B7B1CC282A900264E2A /* ViewController.h */,
				C5B81B7C1CC282A900264E2A /* ViewController.m */,
				C5B81B7E1CC282A900264E2A /* Main.storyboard */,
				C5B81B811CC282A900264E2A /* Assets.xcassets */,
				C5B81B831CC282A900264E2A /* LaunchScreen.storyboard */,
				C5B81B861CC282A900264E2A /* Info.plist */,
				C5B81B751CC282A900264E2A /* Supporting Files */,
			);
			path = WZTabBarControllerDemo;
			sourceTree = "<group>";
		};
		C5B81B751CC282A900264E2A /* Supporting Files */ = {
			isa = PBXGroup;
			children = (
				C5B81B761CC282A900264E2A /* main.m */,
			);
			name = "Supporting Files";
			sourceTree = "<group>";
		};
		C5B81B8E1CC282A900264E2A /* WZTabBarControllerDemoTests */ = {
			isa = PBXGroup;
			children = (
				C5B81B8F1CC282A900264E2A /* WZTabBarControllerDemoTests.m */,
				C5B81B911CC282A900264E2A /* Info.plist */,
			);
			path = WZTabBarControllerDemoTests;
			sourceTree = "<group>";
		};
		C5B81B991CC282A900264E2A /* WZTabBarControllerDemoUITests */ = {
			isa = PBXGroup;
			children = (
				C5B81B9A1CC282A900264E2A /* WZTabBarControllerDemoUITests.m */,
				C5B81B9C1CC282A900264E2A /* Info.plist */,
			);
			path = WZTabBarControllerDemoUITests;
			sourceTree = "<group>";
		};
		C5B81BAF1CC2853000264E2A /* WZTabBarController */ = {
			isa = PBXGroup;
			children = (
				C5B81BB01CC2853000264E2A /* WZTabBar.h */,
				C5B81BB11CC2853000264E2A /* WZTabBar.m */,
				C5B81BB21CC2853000264E2A /* WZTabBarController.h */,
				C5B81BB31CC2853000264E2A /* WZTabBarController.m */,
			);
			name = WZTabBarController;
			path = ../../WZTabBarController;
			sourceTree = "<group>";
		};
/* End PBXGroup section */

/* Begin PBXNativeTarget section */
		C5B81B711CC282A900264E2A /* WZTabBarControllerDemo */ = {
			isa = PBXNativeTarget;
			buildConfigurationList = C5B81B9F1CC282A900264E2A /* Build configuration list for PBXNativeTarget "WZTabBarControllerDemo" */;
			buildPhases = (
				C5B81B6E1CC282A900264E2A /* Sources */,
				C5B81B6F1CC282A900264E2A /* Frameworks */,
				C5B81B701CC282A900264E2A /* Resources */,
			);
			buildRules = (
			);
			dependencies = (
			);
			name = WZTabBarControllerDemo;
			productName = WZTabBarControllerDemo;
			productReference = C5B81B721CC282A900264E2A /* WZTabBarControllerDemo.app */;
			productType = "com.apple.product-type.application";
		};
		C5B81B8A1CC282A900264E2A /* WZTabBarControllerDemoTests */ = {
			isa = PBXNativeTarget;
			buildConfigurationList = C5B81BA21CC282A900264E2A /* Build configuration list for PBXNativeTarget "WZTabBarControllerDemoTests" */;
			buildPhases = (
				C5B81B871CC282A900264E2A /* Sources */,
				C5B81B881CC282A900264E2A /* Frameworks */,
				C5B81B891CC282A900264E2A /* Resources */,
			);
			buildRules = (
			);
			dependencies = (
				C5B81B8D1CC282A900264E2A /* PBXTargetDependency */,
			);
			name = WZTabBarControllerDemoTests;
			productName = WZTabBarControllerDemoTests;
			productReference = C5B81B8B1CC282A900264E2A /* WZTabBarControllerDemoTests.xctest */;
			productType = "com.apple.product-type.bundle.unit-test";
		};
		C5B81B951CC282A900264E2A /* WZTabBarControllerDemoUITests */ = {
			isa = PBXNativeTarget;
			buildConfigurationList = C5B81BA51CC282A900264E2A /* Build configuration list for PBXNativeTarget "WZTabBarControllerDemoUITests" */;
			buildPhases = (
				C5B81B921CC282A900264E2A /* Sources */,
				C5B81B931CC282A900264E2A /* Frameworks */,
				C5B81B941CC282A900264E2A /* Resources */,
			);
			buildRules = (
			);
			dependencies = (
				C5B81B981CC282A900264E2A /* PBXTargetDependency */,
			);
			name = WZTabBarControllerDemoUITests;
			productName = WZTabBarControllerDemoUITests;
			productReference = C5B81B961CC282A900264E2A /* WZTabBarControllerDemoUITests.xctest */;
			productType = "com.apple.product-type.bundle.ui-testing";
		};
/* End PBXNativeTarget section */

/* Begin PBXProject section */
		C5B81B6A1CC282A900264E2A /* Project object */ = {
			isa = PBXProject;
			attributes = {
				LastUpgradeCheck = 0730;
				ORGANIZATIONNAME = WilliamZhang;
				TargetAttributes = {
					C5B81B711CC282A900264E2A = {
						CreatedOnToolsVersion = 7.3;
					};
					C5B81B8A1CC282A900264E2A = {
						CreatedOnToolsVersion = 7.3;
						TestTargetID = C5B81B711CC282A900264E2A;
					};
					C5B81B951CC282A900264E2A = {
						CreatedOnToolsVersion = 7.3;
						TestTargetID = C5B81B711CC282A900264E2A;
					};
				};
			};
			buildConfigurationList = C5B81B6D1CC282A900264E2A /* Build configuration list for PBXProject "WZTabBarControllerDemo" */;
			compatibilityVersion = "Xcode 3.2";
			developmentRegion = English;
			hasScannedForEncodings = 0;
			knownRegions = (
				en,
				Base,
			);
			mainGroup = C5B81B691CC282A900264E2A;
			productRefGroup = C5B81B731CC282A900264E2A /* Products */;
			projectDirPath = "";
			projectRoot = "";
			targets = (
				C5B81B711CC282A900264E2A /* WZTabBarControllerDemo */,
				C5B81B8A1CC282A900264E2A /* WZTabBarControllerDemoTests */,
				C5B81B951CC282A900264E2A /* WZTabBarControllerDemoUITests */,
			);
		};
/* End PBXProject section */

/* Begin PBXResourcesBuildPhase section */
		C5B81B701CC282A900264E2A /* Resources */ = {
			isa = PBXResourcesBuildPhase;
			buildActionMask = 2147483647;
			files = (
				C5B81B851CC282A900264E2A /* LaunchScreen.storyboard in Resources */,
				C5B81B821CC282A900264E2A /* Assets.xcassets in Resources */,
				C5B81B801CC282A900264E2A /* Main.storyboard in Resources */,
			);
			runOnlyForDeploymentPostprocessing = 0;
		};
		C5B81B891CC282A900264E2A /* Resources */ = {
			isa = PBXResourcesBuildPhase;
			buildActionMask = 2147483647;
			files = (
			);
			runOnlyForDeploymentPostprocessing = 0;
		};
		C5B81B941CC282A900264E2A /* Resources */ = {
			isa = PBXResourcesBuildPhase;
			buildActionMask = 2147483647;
			files = (
			);
			runOnlyForDeploymentPostprocessing = 0;
		};
/* End PBXResourcesBuildPhase section */

/* Begin PBXSourcesBuildPhase section */
		C5B81B6E1CC282A900264E2A /* Sources */ = {
			isa = PBXSourcesBuildPhase;
			buildActionMask = 2147483647;
			files = (
				C5B81B7D1CC282A900264E2A /* ViewController.m in Sources */,
				C5B81B7A1CC282A900264E2A /* AppDelegate.m in Sources */,
				C5B81BB41CC2853000264E2A /* WZTabBar.m in Sources */,
				C5B81B771CC282A900264E2A /* main.m in Sources */,
				C5B81BB51CC2853000264E2A /* WZTabBarController.m in Sources */,
			);
			runOnlyForDeploymentPostprocessing = 0;
		};
		C5B81B871CC282A900264E2A /* Sources */ = {
			isa = PBXSourcesBuildPhase;
			buildActionMask = 2147483647;
			files = (
				C5B81B901CC282A900264E2A /* WZTabBarControllerDemoTests.m in Sources */,
			);
			runOnlyForDeploymentPostprocessing = 0;
		};
		C5B81B921CC282A900264E2A /* Sources */ = {
			isa = PBXSourcesBuildPhase;
			buildActionMask = 2147483647;
			files = (
				C5B81B9B1CC282A900264E2A /* WZTabBarControllerDemoUITests.m in Sources */,
			);
			runOnlyForDeploymentPostprocessing = 0;
		};
/* End PBXSourcesBuildPhase section */

/* Begin PBXTargetDependency section */
		C5B81B8D1CC282A900264E2A /* PBXTargetDependency */ = {
			isa = PBXTargetDependency;
			target = C5B81B711CC282A900264E2A /* WZTabBarControllerDemo */;
			targetProxy = C5B81B8C1CC282A900264E2A /* PBXContainerItemProxy */;
		};
		C5B81B981CC282A900264E2A /* PBXTargetDependency */ = {
			isa = PBXTargetDependency;
			target = C5B81B711CC282A900264E2A /* WZTabBarControllerDemo */;
			targetProxy = C5B81B971CC282A900264E2A /* PBXContainerItemProxy */;
		};
/* End PBXTargetDependency section */

/* Begin PBXVariantGroup section */
		C5B81B7E1CC282A900264E2A /* Main.storyboard */ = {
			isa = PBXVariantGroup;
			children = (
				C5B81B7F1CC282A900264E2A /* Base */,
			);
			name = Main.storyboard;
			sourceTree = "<group>";
		};
		C5B81B831CC282A900264E2A /* LaunchScreen.storyboard */ = {
			isa = PBXVariantGroup;
			children = (
				C5B81B841CC282A900264E2A /* Base */,
			);
			name = LaunchScreen.storyboard;
			sourceTree = "<group>";
		};
/* End PBXVariantGroup section */

/* Begin XCBuildConfiguration section */
		C5B81B9D1CC282A900264E2A /* Debug */ = {
			isa = XCBuildConfiguration;
			buildSettings = {
				ALWAYS_SEARCH_USER_PATHS = NO;
				CLANG_ANALYZER_NONNULL = YES;
				CLANG_CXX_LANGUAGE_STANDARD = "gnu++0x";
				CLANG_CXX_LIBRARY = "libc++";
				CLANG_ENABLE_MODULES = YES;
				CLANG_ENABLE_OBJC_ARC = YES;
				CLANG_WARN_BOOL_CONVERSION = YES;
				CLANG_WARN_CONSTANT_CONVERSION = YES;
				CLANG_WARN_DIRECT_OBJC_ISA_USAGE = YES_ERROR;
				CLANG_WARN_EMPTY_BODY = YES;
				CLANG_WARN_ENUM_CONVERSION = YES;
				CLANG_WARN_INT_CONVERSION = YES;
				CLANG_WARN_OBJC_ROOT_CLASS = YES_ERROR;
				CLANG_WARN_UNREACHABLE_CODE = YES;
				CLANG_WARN__DUPLICATE_METHOD_MATCH = YES;
				"CODE_SIGN_IDENTITY[sdk=iphoneos*]" = "iPhone Developer";
				COPY_PHASE_STRIP = NO;
				DEBUG_INFORMATION_FORMAT = dwarf;
				ENABLE_STRICT_OBJC_MSGSEND = YES;
				ENABLE_TESTABILITY = YES;
				GCC_C_LANGUAGE_STANDARD = gnu99;
				GCC_DYNAMIC_NO_PIC = NO;
				GCC_NO_COMMON_BLOCKS = YES;
				GCC_OPTIMIZATION_LEVEL = 0;
				GCC_PREPROCESSOR_DEFINITIONS = (
					"DEBUG=1",
					"$(inherited)",
				);
				GCC_WARN_64_TO_32_BIT_CONVERSION = YES;
				GCC_WARN_ABOUT_RETURN_TYPE = YES_ERROR;
				GCC_WARN_UNDECLARED_SELECTOR = YES;
				GCC_WARN_UNINITIALIZED_AUTOS = YES_AGGRESSIVE;
				GCC_WARN_UNUSED_FUNCTION = YES;
				GCC_WARN_UNUSED_VARIABLE = YES;
				IPHONEOS_DEPLOYMENT_TARGET = 9.3;
				MTL_ENABLE_DEBUG_INFO = YES;
				ONLY_ACTIVE_ARCH = YES;
				SDKROOT = iphoneos;
			};
			name = Debug;
		};
		C5B81B9E1CC282A900264E2A /* Release */ = {
			isa = XCBuildConfiguration;
			buildSettings = {
				ALWAYS_SEARCH_USER_PATHS = NO;
				CLANG_ANALYZER_NONNULL = YES;
				CLANG_CXX_LANGUAGE_STANDARD = "gnu++0x";
				CLANG_CXX_LIBRARY = "libc++";
				CLANG_ENABLE_MODULES = YES;
				CLANG_ENABLE_OBJC_ARC = YES;
				CLANG_WARN_BOOL_CONVERSION = YES;
				CLANG_WARN_CONSTANT_CONVERSION = YES;
				CLANG_WARN_DIRECT_OBJC_ISA_USAGE = YES_ERROR;
				CLANG_WARN_EMPTY_BODY = YES;
				CLANG_WARN_ENUM_CONVERSION = YES;
				CLANG_WARN_INT_CONVERSION = YES;
				CLANG_WARN_OBJC_ROOT_CLASS = YES_ERROR;
				CLANG_WARN_UNREACHABLE_CODE = YES;
				CLANG_WARN__DUPLICATE_METHOD_MATCH = YES;
				"CODE_SIGN_IDENTITY[sdk=iphoneos*]" = "iPhone Developer";
				COPY_PHASE_STRIP = NO;
				DEBUG_INFORMATION_FORMAT = "dwarf-with-dsym";
				ENABLE_NS_ASSERTIONS = NO;
				ENABLE_STRICT_OBJC_MSGSEND = YES;
				GCC_C_LANGUAGE_STANDARD = gnu99;
				GCC_NO_COMMON_BLOCKS = YES;
				GCC_WARN_64_TO_32_BIT_CONVERSION = YES;
				GCC_WARN_ABOUT_RETURN_TYPE = YES_ERROR;
				GCC_WARN_UNDECLARED_SELECTOR = YES;
				GCC_WARN_UNINITIALIZED_AUTOS = YES_AGGRESSIVE;
				GCC_WARN_UNUSED_FUNCTION = YES;
				GCC_WARN_UNUSED_VARIABLE = YES;
				IPHONEOS_DEPLOYMENT_TARGET = 9.3;
				MTL_ENABLE_DEBUG_INFO = NO;
				SDKROOT = iphoneos;
				VALIDATE_PRODUCT = YES;
			};
			name = Release;
		};
		C5B81BA01CC282A900264E2A /* Debug */ = {
			isa = XCBuildConfiguration;
			buildSettings = {
				ASSETCATALOG_COMPILER_APPICON_NAME = AppIcon;
				INFOPLIST_FILE = WZTabBarControllerDemo/Info.plist;
				LD_RUNPATH_SEARCH_PATHS = "$(inherited) @executable_path/Frameworks";
				PRODUCT_BUNDLE_IDENTIFIER = com.money.WZTabBarControllerDemo;
				PRODUCT_NAME = "$(TARGET_NAME)";
			};
			name = Debug;
		};
		C5B81BA11CC282A900264E2A /* Release */ = {
			isa = XCBuildConfiguration;
			buildSettings = {
				ASSETCATALOG_COMPILER_APPICON_NAME = AppIcon;
				INFOPLIST_FILE = WZTabBarControllerDemo/Info.plist;
				LD_RUNPATH_SEARCH_PATHS = "$(inherited) @executable_path/Frameworks";
				PRODUCT_BUNDLE_IDENTIFIER = com.money.WZTabBarControllerDemo;
				PRODUCT_NAME = "$(TARGET_NAME)";
			};
			name = Release;
		};
		C5B81BA31CC282A900264E2A /* Debug */ = {
			isa = XCBuildConfiguration;
			buildSettings = {
				BUNDLE_LOADER = "$(TEST_HOST)";
				INFOPLIST_FILE = WZTabBarControllerDemoTests/Info.plist;
				LD_RUNPATH_SEARCH_PATHS = "$(inherited) @executable_path/Frameworks @loader_path/Frameworks";
				PRODUCT_BUNDLE_IDENTIFIER = com.money.WZTabBarControllerDemoTests;
				PRODUCT_NAME = "$(TARGET_NAME)";
				TEST_HOST = "$(BUILT_PRODUCTS_DIR)/WZTabBarControllerDemo.app/WZTabBarControllerDemo";
			};
			name = Debug;
		};
		C5B81BA41CC282A900264E2A /* Release */ = {
			isa = XCBuildConfiguration;
			buildSettings = {
				BUNDLE_LOADER = "$(TEST_HOST)";
				INFOPLIST_FILE = WZTabBarControllerDemoTests/Info.plist;
				LD_RUNPATH_SEARCH_PATHS = "$(inherited) @executable_path/Frameworks @loader_path/Frameworks";
				PRODUCT_BUNDLE_IDENTIFIER = com.money.WZTabBarControllerDemoTests;
				PRODUCT_NAME = "$(TARGET_NAME)";
				TEST_HOST = "$(BUILT_PRODUCTS_DIR)/WZTabBarControllerDemo.app/WZTabBarControllerDemo";
			};
			name = Release;
		};
		C5B81BA61CC282A900264E2A /* Debug */ = {
			isa = XCBuildConfiguration;
			buildSettings = {
				INFOPLIST_FILE = WZTabBarControllerDemoUITests/Info.plist;
				LD_RUNPATH_SEARCH_PATHS = "$(inherited) @executable_path/Frameworks @loader_path/Frameworks";
				PRODUCT_BUNDLE_IDENTIFIER = com.money.WZTabBarControllerDemoUITests;
				PRODUCT_NAME = "$(TARGET_NAME)";
				TEST_TARGET_NAME = WZTabBarControllerDemo;
			};
			name = Debug;
		};
		C5B81BA71CC282A900264E2A /* Release */ = {
			isa = XCBuildConfiguration;
			buildSettings = {
				INFOPLIST_FILE = WZTabBarControllerDemoUITests/Info.plist;
				LD_RUNPATH_SEARCH_PATHS = "$(inherited) @executable_path/Frameworks @loader_path/Frameworks";
				PRODUCT_BUNDLE_IDENTIFIER = com.money.WZTabBarControllerDemoUITests;
				PRODUCT_NAME = "$(TARGET_NAME)";
				TEST_TARGET_NAME = WZTabBarControllerDemo;
			};
			name = Release;
		};
/* End XCBuildConfiguration section */

/* Begin XCConfigurationList section */
		C5B81B6D1CC282A900264E2A /* Build configuration list for PBXProject "WZTabBarControllerDemo" */ = {
			isa = XCConfigurationList;
			buildConfigurations = (
				C5B81B9D1CC282A900264E2A /* Debug */,
				C5B81B9E1CC282A900264E2A /* Release */,
			);
			defaultConfigurationIsVisible = 0;
			defaultConfigurationName = Release;
		};
		C5B81B9F1CC282A900264E2A /* Build configuration list for PBXNativeTarget "WZTabBarControllerDemo" */ = {
			isa = XCConfigurationList;
			buildConfigurations = (
				C5B81BA01CC282A900264E2A /* Debug */,
				C5B81BA11CC282A900264E2A /* Release */,
			);
			defaultConfigurationIsVisible = 0;
			defaultConfigurationName = Release;
		};
		C5B81BA21CC282A900264E2A /* Build configuration list for PBXNativeTarget "WZTabBarControllerDemoTests" */ = {
			isa = XCConfigurationList;
			buildConfigurations = (
				C5B81BA31CC282A900264E2A /* Debug */,
				C5B81BA41CC282A900264E2A /* Release */,
			);
			defaultConfigurationIsVisible = 0;
			defaultConfigurationName = Release;
		};
		C5B81BA51CC282A900264E2A /* Build configuration list for PBXNativeTarget "WZTabBarControllerDemoUITests" */ = {
			isa = XCConfigurationList;
			buildConfigurations = (
				C5B81BA61CC282A900264E2A /* Debug */,
				C5B81BA71CC282A900264E2A /* Release */,
			);
			defaultConfigurationIsVisible = 0;
			defaultConfigurationName = Release;
		};
/* End XCConfigurationList section */
	};
	rootObject = C5B81B6A1CC282A900264E2A /* Project object */;
}
